
Microsoft Visual Studio Solution File, Format Version 12.00
# Visual Studio Version 16
VisualStudioVersion = 16.0.808.5
MinimumVisualStudioVersion = 10.0.40219.1
Project("{FAE04EC0-301F-11D3-BF4B-00C04F79EFBC}") = "WebApiLearning", "WebApiLearning\WebApiLearning.csproj", "{EC8DF4F2-374B-476F-A2AC-A8923DB53B2D}"
EndProject
Global
	GlobalSection(SolutionConfigurationPlatforms) = preSolution
		Debug|Any CPU = Debug|Any CPU
		Release|Any CPU = Release|Any CPU
	EndGlobalSection
	GlobalSection(ProjectConfigurationPlatforms) = postSolution
		{EC8DF4F2-374B-476F-A2AC-A8923DB53B2D}.Debug|Any CPU.ActiveCfg = Debug|Any CPU
		{EC8DF4F2-374B-476F-A2AC-A8923DB53B2D}.Debug|Any CPU.Build.0 = Debug|Any CPU
		{EC8DF4F2-374B-476F-A2AC-A8923DB53B2D}.Release|Any CPU.ActiveCfg = Release|Any CPU
		{EC8DF4F2-374B-476F-A2AC-A8923DB53B2D}.Release|Any CPU.Build.0 = Release|Any CPU
	EndGlobalSection
	GlobalSection(SolutionProperties) = preSolution
		HideSolutionNode = FALSE
	EndGlobalSection
	GlobalSection(ExtensibilityGlobals) = postSolution
		SolutionGuid = {6AAA8FA2-DBF6-4D5E-86B0-84B7F948D983}
	EndGlobalSection
EndGlobal
